// !$*UTF8*$!
{
	archiveVersion = 1;
	classes = {
	};
	objectVersion = 48;
	objects = {

/* Begin PBXBuildFile section */
		F85C4484209120A400703FBF /* AppDelegate.swift in Sources */ = {isa = PBXBuildFile; fileRef = F85C4483209120A400703FBF /* AppDelegate.swift */; };
		F85C4489209120A400703FBF /* Main.storyboard in Resources */ = {isa = PBXBuildFile; fileRef = F85C4487209120A400703FBF /* Main.storyboard */; };
		F85C448B209120A400703FBF /* Assets.xcassets in Resources */ = {isa = PBXBuildFile; fileRef = F85C448A209120A400703FBF /* Assets.xcassets */; };
		F85C448E209120A400703FBF /* LaunchScreen.storyboard in Resources */ = {isa = PBXBuildFile; fileRef = F85C448C209120A400703FBF /* LaunchScreen.storyboard */; };
		F882C5A6209126FB00B2994C /* DrawingVC.swift in Sources */ = {isa = PBXBuildFile; fileRef = F882C5A5209126FB00B2994C /* DrawingVC.swift */; };
		F882C5A8209127C800B2994C /* Handwriting.mlmodel in Sources */ = {isa = PBXBuildFile; fileRef = F882C5A7209127C800B2994C /* Handwriting.mlmodel */; };
/* End PBXBuildFile section */

/* Begin PBXFileReference section */
		F85C4480209120A400703FBF /* handwrittingRec.app */ = {isa = PBXFileReference; explicitFileType = wrapper.application; includeInIndex = 0; path = handwrittingRec.app; sourceTree = BUILT_PRODUCTS_DIR; };
		F85C4483209120A400703FBF /* AppDelegate.swift */ = {isa = PBXFileReference; lastKnownFileType = sourcecode.swift; path = AppDelegate.swift; sourceTree = "<group>"; };
		F85C4488209120A400703FBF /* Base */ = {isa = PBXFileReference; lastKnownFileType = file.storyboard; name = Base; path = Base.lproj/Main.storyboard; sourceTree = "<group>"; };
		F85C448A209120A400703FBF /* Assets.xcassets */ = {isa = PBXFileReference; lastKnownFileType = folder.assetcatalog; path = Assets.xcassets; sourceTree = "<group>"; };
		F85C448D209120A400703FBF /* Base */ = {isa = PBXFileReference; lastKnownFileType = file.storyboard; name = Base; path = Base.lproj/LaunchScreen.storyboard; sourceTree = "<group>"; };
		F85C448F209120A400703FBF /* Info.plist */ = {isa = PBXFileReference; lastKnownFileType = text.plist.xml; path = Info.plist; sourceTree = "<group>"; };
		F882C5A5209126FB00B2994C /* DrawingVC.swift */ = {isa = PBXFileReference; fileEncoding = 4; lastKnownFileType = sourcecode.swift; path = DrawingVC.swift; sourceTree = "<group>"; };
		F882C5A7209127C800B2994C /* Handwriting.mlmodel */ = {isa = PBXFileReference; lastKnownFileType = file.mlmodel; path = Handwriting.mlmodel; sourceTree = "<group>"; };
/* End PBXFileReference section */

/* Begin PBXFrameworksBuildPhase section */
		F85C447D209120A400703FBF /* Frameworks */ = {
			isa = PBXFrameworksBuildPhase;
			buildActionMask = 2147483647;
			files = (
			);
			runOnlyForDeploymentPostprocessing = 0;
		};
/* End PBXFrameworksBuildPhase section */

/* Begin PBXGroup section */
		F85C4477209120A400703FBF = {
			isa = PBXGroup;
			children = (
				F85C4482209120A400703FBF /* handwrittingRec */,
				F85C4481209120A400703FBF /* Products */,
			);
			sourceTree = "<group>";
		};
		F85C4481209120A400703FBF /* Products */ = {
			isa = PBXGroup;
			children = (
				F85C4480209120A400703FBF /* handwrittingRec.app */,
			);
			name = Products;
			sourceTree = "<group>";
		};
		F85C4482209120A400703FBF /* handwrittingRec */ = {
			isa = PBXGroup;
			children = (
				F882C5A7209127C800B2994C /* Handwriting.mlmodel */,
				F85C4483209120A400703FBF /* AppDelegate.swift */,
				F882C5A5209126FB00B2994C /* DrawingVC.swift */,
				F85C4487209120A400703FBF /* Main.storyboard */,
				F85C448A209120A400703FBF /* Assets.xcassets */,
				F85C448C209120A400703FBF /* LaunchScreen.storyboard */,
				F85C448F209120A400703FBF /* Info.plist */,
			);
			path = handwrittingRec;
			sourceTree = "<group>";
		};
/* End PBXGroup section */

/* Begin PBXNativeTarget section */
		F85C447F209120A400703FBF /* handwrittingRec */ = {
			isa = PBXNativeTarget;
			buildConfigurationList = F85C4492209120A400703FBF /* Build configuration list for PBXNativeTarget "handwrittingRec" */;
			buildPhases = (
				F85C447C209120A400703FBF /* Sources */,
				F85C447D209120A400703FBF /* Frameworks */,
				F85C447E209120A400703FBF /* Resources */,
			);
			buildRules = (
			);
			dependencies = (
			);
			name = handwrittingRec;
			productName = handwrittingRec;
			productReference = F85C4480209120A400703FBF /* handwrittingRec.app */;
			productType = "com.apple.product-type.application";
		};
/* End PBXNativeTarget section */

/* Begin PBXProject section */
		F85C4478209120A400703FBF /* Project object */ = {
			isa = PBXProject;
			attributes = {
				LastSwiftUpdateCheck = 0920;
				LastUpgradeCheck = 0920;
				ORGANIZATIONNAME = "Samuel Chavez";
				TargetAttributes = {
					F85C447F209120A400703FBF = {
						CreatedOnToolsVersion = 9.2;
						ProvisioningStyle = Automatic;
					};
				};
			};
			buildConfigurationList = F85C447B209120A400703FBF /* Build configuration list for PBXProject "handwrittingRec" */;
			compatibilityVersion = "Xcode 8.0";
			developmentRegion = en;
			hasScannedForEncodings = 0;
			knownRegions = (
				en,
				Base,
			);
			mainGroup = F85C4477209120A400703FBF;
			productRefGroup = F85C4481209120A400703FBF /* Products */;
			projectDirPath = "";
			projectRoot = "";
			targets = (
				F85C447F209120A400703FBF /* handwrittingRec */,
			);
		};
/* End PBXProject section */

/* Begin PBXResourcesBuildPhase section */
		F85C447E209120A400703FBF /* Resources */ = {
			isa = PBXResourcesBuildPhase;
			buildActionMask = 2147483647;
			files = (
				F85C448E209120A400703FBF /* LaunchScreen.storyboard in Resources */,
				F85C448B209120A400703FBF /* Assets.xcassets in Resources */,
				F85C4489209120A400703FBF /* Main.storyboard in Resources */,
			);
			runOnlyForDeploymentPostprocessing = 0;
		};
/* End PBXResourcesBuildPhase section */

/* Begin PBXSourcesBuildPhase section */
		F85C447C209120A400703FBF /* Sources */ = {
			isa = PBXSourcesBuildPhase;
			buildActionMask = 2147483647;
			files = (
				F882C5A8209127C800B2994C /* Handwriting.mlmodel in Sources */,
				F85C4484209120A400703FBF /* AppDelegate.swift in Sources */,
				F882C5A6209126FB00B2994C /* DrawingVC.swift in Sources */,
			);
			runOnlyForDeploymentPostprocessing = 0;
		};
/* End PBXSourcesBuildPhase section */

/* Begin PBXVariantGroup section */
		F85C4487209120A400703FBF /* Main.storyboard */ = {
			isa = PBXVariantGroup;
			children = (
				F85C4488209120A400703FBF /* Base */,
			);
			name = Main.storyboard;
			sourceTree = "<group>";
		};
		F85C448C209120A400703FBF /* LaunchScreen.storyboard */ = {
			isa = PBXVariantGroup;
			children = (
				F85C448D209120A400703FBF /* Base */,
			);
			name = LaunchScreen.storyboard;
			sourceTree = "<group>";
		};
/* End PBXVariantGroup section */

/* Begin XCBuildConfiguration section */
		F85C4490209120A400703FBF /* Debug */ = {
			isa = XCBuildConfiguration;
			buildSettings = {
				ALWAYS_SEARCH_USER_PATHS = NO;
				CLANG_ANALYZER_NONNULL = YES;
				CLANG_ANALYZER_NUMBER_OBJECT_CONVERSION = YES_AGGRESSIVE;
				CLANG_CXX_LANGUAGE_STANDARD = "gnu++14";
				CLANG_CXX_LIBRARY = "libc++";
				CLANG_ENABLE_MODULES = YES;
				CLANG_ENABLE_OBJC_ARC = YES;
				CLANG_WARN_BLOCK_CAPTURE_AUTORELEASING = YES;
				CLANG_WARN_BOOL_CONVERSION = YES;
				CLANG_WARN_COMMA = YES;
				CLANG_WARN_CONSTANT_CONVERSION = YES;
				CLANG_WARN_DIRECT_OBJC_ISA_USAGE = YES_ERROR;
				CLANG_WARN_DOCUMENTATION_COMMENTS = YES;
				CLANG_WARN_EMPTY_BODY = YES;
				CLANG_WARN_ENUM_CONVERSION = YES;
				CLANG_WARN_INFINITE_RECURSION = YES;
				CLANG_WARN_INT_CONVERSION = YES;
				CLANG_WARN_NON_LITERAL_NULL_CONVERSION = YES;
				CLANG_WARN_OBJC_LITERAL_CONVERSION = YES;
				CLANG_WARN_OBJC_ROOT_CLASS = YES_ERROR;
				CLANG_WARN_RANGE_LOOP_ANALYSIS = YES;
				CLANG_WARN_STRICT_PROTOTYPES = YES;
				CLANG_WARN_SUSPICIOUS_MOVE = YES;
				CLANG_WARN_UNGUARDED_AVAILABILITY = YES_AGGRESSIVE;
				CLANG_WARN_UNREACHABLE_CODE = YES;
				CLANG_WARN__DUPLICATE_METHOD_MATCH = YES;
				CODE_SIGN_IDENTITY = "iPhone Developer";
				COPY_PHASE_STRIP = NO;
				DEBUG_INFORMATION_FORMAT = dwarf;
				ENABLE_STRICT_OBJC_MSGSEND = YES;
				ENABLE_TESTABILITY = YES;
				GCC_C_LANGUAGE_STANDARD = gnu11;
				GCC_DYNAMIC_NO_PIC = NO;
				GCC_NO_COMMON_BLOCKS = YES;
				GCC_OPTIMIZATION_LEVEL = 0;
				GCC_PREPROCESSOR_DEFINITIONS = (
					"DEBUG=1",
					"$(inherited)",
				);
				GCC_WARN_64_TO_32_BIT_CONVERSION = YES;
				GCC_WARN_ABOUT_RETURN_TYPE = YES_ERROR;
				GCC_WARN_UNDECLARED_SELECTOR = YES;
				GCC_WARN_UNINITIALIZED_AUTOS = YES_AGGRESSIVE;
				GCC_WARN_UNUSED_FUNCTION = YES;
				GCC_WARN_UNUSED_VARIABLE = YES;
				IPHONEOS_DEPLOYMENT_TARGET = 11.2;
				MTL_ENABLE_DEBUG_INFO = YES;
				ONLY_ACTIVE_ARCH = YES;
				SDKROOT = iphoneos;
				SWIFT_ACTIVE_COMPILATION_CONDITIONS = DEBUG;
				SWIFT_OPTIMIZATION_LEVEL = "-Onone";
			};
			name = Debug;
		};
		F85C4491209120A400703FBF /* Release */ = {
			isa = XCBuildConfiguration;
			buildSettings = {
				ALWAYS_SEARCH_USER_PATHS = NO;
				CLANG_ANALYZER_NONNULL = YES;
				CLANG_ANALYZER_NUMBER_OBJECT_CONVERSION = YES_AGGRESSIVE;
				CLANG_CXX_LANGUAGE_STANDARD = "gnu++14";
				CLANG_CXX_LIBRARY = "libc++";
				CLANG_ENABLE_MODULES = YES;
				CLANG_ENABLE_OBJC_ARC = YES;
				CLANG_WARN_BLOCK_CAPTURE_AUTORELEASING = YES;
				CLANG_WARN_BOOL_CONVERSION = YES;
				CLANG_WARN_COMMA = YES;
				CLANG_WARN_CONSTANT_CONVERSION = YES;
				CLANG_WARN_DIRECT_OBJC_ISA_USAGE = YES_ERROR;
				CLANG_WARN_DOCUMENTATION_COMMENTS = YES;
				CLANG_WARN_EMPTY_BODY = YES;
				CLANG_WARN_ENUM_CONVERSION = YES;
				CLANG_WARN_INFINITE_RECURSION = YES;
				CLANG_WARN_INT_CONVERSION = YES;
				CLANG_WARN_NON_LITERAL_NULL_CONVERSION = YES;
				CLANG_WARN_OBJC_LITERAL_CONVERSION = YES;
				CLANG_WARN_OBJC_ROOT_CLASS = YES_ERROR;
				CLANG_WARN_RANGE_LOOP_ANALYSIS = YES;
				CLANG_WARN_STRICT_PROTOTYPES = YES;
				CLANG_WARN_SUSPICIOUS_MOVE = YES;
				CLANG_WARN_UNGUARDED_AVAILABILITY = YES_AGGRESSIVE;
				CLANG_WARN_UNREACHABLE_CODE = YES;
				CLANG_WARN__DUPLICATE_METHOD_MATCH = YES;
				CODE_SIGN_IDENTITY = "iPhone Developer";
				COPY_PHASE_STRIP = NO;
				DEBUG_INFORMATION_FORMAT = "dwarf-with-dsym";
				ENABLE_NS_ASSERTIONS = NO;
				ENABLE_STRICT_OBJC_MSGSEND = YES;
				GCC_C_LANGUAGE_STANDARD = gnu11;
				GCC_NO_COMMON_BLOCKS = YES;
				GCC_WARN_64_TO_32_BIT_CONVERSION = YES;
				GCC_WARN_ABOUT_RETURN_TYPE = YES_ERROR;
				GCC_WARN_UNDECLARED_SELECTOR = YES;
				GCC_WARN_UNINITIALIZED_AUTOS = YES_AGGRESSIVE;
				GCC_WARN_UNUSED_FUNCTION = YES;
				GCC_WARN_UNUSED_VARIABLE = YES;
				IPHONEOS_DEPLOYMENT_TARGET = 11.2;
				MTL_ENABLE_DEBUG_INFO = NO;
				SDKROOT = iphoneos;
				SWIFT_OPTIMIZATION_LEVEL = "-Owholemodule";
				VALIDATE_PRODUCT = YES;
			};
			name = Release;
		};
		F85C4493209120A400703FBF /* Debug */ = {
			isa = XCBuildConfiguration;
			buildSettings = {
				ASSETCATALOG_COMPILER_APPICON_NAME = AppIcon;
				CODE_SIGN_STYLE = Automatic;
				DEVELOPMENT_TEAM = EKTL473TZ9;
				INFOPLIST_FILE = handwrittingRec/Info.plist;
				LD_RUNPATH_SEARCH_PATHS = "$(inherited) @executable_path/Frameworks";
				PRODUCT_BUNDLE_IDENTIFIER = com.samuel.handwrittingRec;
				PRODUCT_NAME = "$(TARGET_NAME)";
				SWIFT_VERSION = 4.0;
				TARGETED_DEVICE_FAMILY = "1,2";
			};
			name = Debug;
		};
		F85C4494209120A400703FBF /* Release */ = {
			isa = XCBuildConfiguration;
			buildSettings = {
				ASSETCATALOG_COMPILER_APPICON_NAME = AppIcon;
				CODE_SIGN_STYLE = Automatic;
				DEVELOPMENT_TEAM = EKTL473TZ9;
				INFOPLIST_FILE = handwrittingRec/Info.plist;
				LD_RUNPATH_SEARCH_PATHS = "$(inherited) @executable_path/Frameworks";
				PRODUCT_BUNDLE_IDENTIFIER = com.samuel.handwrittingRec;
				PRODUCT_NAME = "$(TARGET_NAME)";
				SWIFT_VERSION = 4.0;
				TARGETED_DEVICE_FAMILY = "1,2";
			};
			name = Release;
		};
/* End XCBuildConfiguration section */

/* Begin XCConfigurationList section */
		F85C447B209120A400703FBF /* Build configuration list for PBXProject "handwrittingRec" */ = {
			isa = XCConfigurationList;
			buildConfigurations = (
				F85C4490209120A400703FBF /* Debug */,
				F85C4491209120A400703FBF /* Release */,
			);
			defaultConfigurationIsVisible = 0;
			defaultConfigurationName = Release;
		};
		F85C4492209120A400703FBF /* Build configuration list for PBXNativeTarget "handwrittingRec" */ = {
			isa = XCConfigurationList;
			buildConfigurations = (
				F85C4493209120A400703FBF /* Debug */,
				F85C4494209120A400703FBF /* Release */,
			);
			defaultConfigurationIsVisible = 0;
			defaultConfigurationName = Release;
		};
/* End XCConfigurationList section */
	};
	rootObject = F85C4478209120A400703FBF /* Project object */;
}
